// !$*UTF8*$!
{
	archiveVersion = 1;
	classes = {
	};
	objectVersion = 46;
	objects = {

/* Begin PBXBuildFile section */
		890ABA9819EB816B00D3600B /* AppDelegate.swift in Sources */ = {isa = PBXBuildFile; fileRef = 890ABA9719EB816B00D3600B /* AppDelegate.swift */; };
		890ABA9A19EB816B00D3600B /* ViewController.swift in Sources */ = {isa = PBXBuildFile; fileRef = 890ABA9919EB816B00D3600B /* ViewController.swift */; };
		890ABA9D19EB816B00D3600B /* Main.storyboard in Resources */ = {isa = PBXBuildFile; fileRef = 890ABA9B19EB816B00D3600B /* Main.storyboard */; };
		890ABA9F19EB816B00D3600B /* Images.xcassets in Resources */ = {isa = PBXBuildFile; fileRef = 890ABA9E19EB816B00D3600B /* Images.xcassets */; };
		890ABAA219EB816B00D3600B /* LaunchScreen.xib in Resources */ = {isa = PBXBuildFile; fileRef = 890ABAA019EB816B00D3600B /* LaunchScreen.xib */; };
		890ABAAE19EB816B00D3600B /* TemperatureConverterTests.swift in Sources */ = {isa = PBXBuildFile; fileRef = 890ABAAD19EB816B00D3600B /* TemperatureConverterTests.swift */; };
/* End PBXBuildFile section */

/* Begin PBXContainerItemProxy section */
		890ABAA819EB816B00D3600B /* PBXContainerItemProxy */ = {
			isa = PBXContainerItemProxy;
			containerPortal = 890ABA8A19EB816B00D3600B /* Project object */;
			proxyType = 1;
			remoteGlobalIDString = 890ABA9119EB816B00D3600B;
			remoteInfo = TemperatureConverter;
		};
/* End PBXContainerItemProxy section */

/* Begin PBXFileReference section */
		890ABA9219EB816B00D3600B /* TemperatureConverter.app */ = {isa = PBXFileReference; explicitFileType = wrapper.application; includeInIndex = 0; path = TemperatureConverter.app; sourceTree = BUILT_PRODUCTS_DIR; };
		890ABA9619EB816B00D3600B /* Info.plist */ = {isa = PBXFileReference; lastKnownFileType = text.plist.xml; path = Info.plist; sourceTree = "<group>"; };
		890ABA9719EB816B00D3600B /* AppDelegate.swift */ = {isa = PBXFileReference; lastKnownFileType = sourcecode.swift; path = AppDelegate.swift; sourceTree = "<group>"; };
		890ABA9919EB816B00D3600B /* ViewController.swift */ = {isa = PBXFileReference; lastKnownFileType = sourcecode.swift; path = ViewController.swift; sourceTree = "<group>"; };
		890ABA9C19EB816B00D3600B /* Base */ = {isa = PBXFileReference; lastKnownFileType = file.storyboard; name = Base; path = Base.lproj/Main.storyboard; sourceTree = "<group>"; };
		890ABA9E19EB816B00D3600B /* Images.xcassets */ = {isa = PBXFileReference; lastKnownFileType = folder.assetcatalog; path = Images.xcassets; sourceTree = "<group>"; };
		890ABAA119EB816B00D3600B /* Base */ = {isa = PBXFileReference; lastKnownFileType = file.xib; name = Base; path = Base.lproj/LaunchScreen.xib; sourceTree = "<group>"; };
		890ABAA719EB816B00D3600B /* TemperatureConverterTests.xctest */ = {isa = PBXFileReference; explicitFileType = wrapper.cfbundle; includeInIndex = 0; path = TemperatureConverterTests.xctest; sourceTree = BUILT_PRODUCTS_DIR; };
		890ABAAC19EB816B00D3600B /* Info.plist */ = {isa = PBXFileReference; lastKnownFileType = text.plist.xml; path = Info.plist; sourceTree = "<group>"; };
		890ABAAD19EB816B00D3600B /* TemperatureConverterTests.swift */ = {isa = PBXFileReference; lastKnownFileType = sourcecode.swift; path = TemperatureConverterTests.swift; sourceTree = "<group>"; };
/* End PBXFileReference section */

/* Begin PBXFrameworksBuildPhase section */
		890ABA8F19EB816B00D3600B /* Frameworks */ = {
			isa = PBXFrameworksBuildPhase;
			buildActionMask = 2147483647;
			files = (
			);
			runOnlyForDeploymentPostprocessing = 0;
		};
		890ABAA419EB816B00D3600B /* Frameworks */ = {
			isa = PBXFrameworksBuildPhase;
			buildActionMask = 2147483647;
			files = (
			);
			runOnlyForDeploymentPostprocessing = 0;
		};
/* End PBXFrameworksBuildPhase section */

/* Begin PBXGroup section */
		890ABA8919EB816B00D3600B = {
			isa = PBXGroup;
			children = (
				890ABA9419EB816B00D3600B /* TemperatureConverter */,
				890ABAAA19EB816B00D3600B /* TemperatureConverterTests */,
				890ABA9319EB816B00D3600B /* Products */,
			);
			sourceTree = "<group>";
		};
		890ABA9319EB816B00D3600B /* Products */ = {
			isa = PBXGroup;
			children = (
				890ABA9219EB816B00D3600B /* TemperatureConverter.app */,
				890ABAA719EB816B00D3600B /* TemperatureConverterTests.xctest */,
			);
			name = Products;
			sourceTree = "<group>";
		};
		890ABA9419EB816B00D3600B /* TemperatureConverter */ = {
			isa = PBXGroup;
			children = (
				890ABA9719EB816B00D3600B /* AppDelegate.swift */,
				890ABA9919EB816B00D3600B /* ViewController.swift */,
				890ABA9B19EB816B00D3600B /* Main.storyboard */,
				890ABA9E19EB816B00D3600B /* Images.xcassets */,
				890ABAA019EB816B00D3600B /* LaunchScreen.xib */,
				890ABA9519EB816B00D3600B /* Supporting Files */,
			);
			path = TemperatureConverter;
			sourceTree = "<group>";
		};
		890ABA9519EB816B00D3600B /* Supporting Files */ = {
			isa = PBXGroup;
			children = (
				890ABA9619EB816B00D3600B /* Info.plist */,
			);
			name = "Supporting Files";
			sourceTree = "<group>";
		};
		890ABAAA19EB816B00D3600B /* TemperatureConverterTests */ = {
			isa = PBXGroup;
			children = (
				890ABAAD19EB816B00D3600B /* TemperatureConverterTests.swift */,
				890ABAAB19EB816B00D3600B /* Supporting Files */,
			);
			path = TemperatureConverterTests;
			sourceTree = "<group>";
		};
		890ABAAB19EB816B00D3600B /* Supporting Files */ = {
			isa = PBXGroup;
			children = (
				890ABAAC19EB816B00D3600B /* Info.plist */,
			);
			name = "Supporting Files";
			sourceTree = "<group>";
		};
/* End PBXGroup section */

/* Begin PBXNativeTarget section */
		890ABA9119EB816B00D3600B /* TemperatureConverter */ = {
			isa = PBXNativeTarget;
			buildConfigurationList = 890ABAB119EB816B00D3600B /* Build configuration list for PBXNativeTarget "TemperatureConverter" */;
			buildPhases = (
				890ABA8E19EB816B00D3600B /* Sources */,
				890ABA8F19EB816B00D3600B /* Frameworks */,
				890ABA9019EB816B00D3600B /* Resources */,
			);
			buildRules = (
			);
			dependencies = (
			);
			name = TemperatureConverter;
			productName = TemperatureConverter;
			productReference = 890ABA9219EB816B00D3600B /* TemperatureConverter.app */;
			productType = "com.apple.product-type.application";
		};
		890ABAA619EB816B00D3600B /* TemperatureConverterTests */ = {
			isa = PBXNativeTarget;
			buildConfigurationList = 890ABAB419EB816B00D3600B /* Build configuration list for PBXNativeTarget "TemperatureConverterTests" */;
			buildPhases = (
				890ABAA319EB816B00D3600B /* Sources */,
				890ABAA419EB816B00D3600B /* Frameworks */,
				890ABAA519EB816B00D3600B /* Resources */,
			);
			buildRules = (
			);
			dependencies = (
				890ABAA919EB816B00D3600B /* PBXTargetDependency */,
			);
			name = TemperatureConverterTests;
			productName = TemperatureConverterTests;
			productReference = 890ABAA719EB816B00D3600B /* TemperatureConverterTests.xctest */;
			productType = "com.apple.product-type.bundle.unit-test";
		};
/* End PBXNativeTarget section */

/* Begin PBXProject section */
		890ABA8A19EB816B00D3600B /* Project object */ = {
			isa = PBXProject;
			attributes = {
				LastUpgradeCheck = 0610;
				ORGANIZATIONNAME = "Howard Yeh";
				TargetAttributes = {
					890ABA9119EB816B00D3600B = {
						CreatedOnToolsVersion = 6.1;
					};
					890ABAA619EB816B00D3600B = {
						CreatedOnToolsVersion = 6.1;
						TestTargetID = 890ABA9119EB816B00D3600B;
					};
				};
			};
			buildConfigurationList = 890ABA8D19EB816B00D3600B /* Build configuration list for PBXProject "TemperatureConverter" */;
			compatibilityVersion = "Xcode 3.2";
			developmentRegion = English;
			hasScannedForEncodings = 0;
			knownRegions = (
				en,
				Base,
			);
			mainGroup = 890ABA8919EB816B00D3600B;
			productRefGroup = 890ABA9319EB816B00D3600B /* Products */;
			projectDirPath = "";
			projectRoot = "";
			targets = (
				890ABA9119EB816B00D3600B /* TemperatureConverter */,
				890ABAA619EB816B00D3600B /* TemperatureConverterTests */,
			);
		};
/* End PBXProject section */

/* Begin PBXResourcesBuildPhase section */
		890ABA9019EB816B00D3600B /* Resources */ = {
			isa = PBXResourcesBuildPhase;
			buildActionMask = 2147483647;
			files = (
				890ABA9D19EB816B00D3600B /* Main.storyboard in Resources */,
				890ABAA219EB816B00D3600B /* LaunchScreen.xib in Resources */,
				890ABA9F19EB816B00D3600B /* Images.xcassets in Resources */,
			);
			runOnlyForDeploymentPostprocessing = 0;
		};
		890ABAA519EB816B00D3600B /* Resources */ = {
			isa = PBXResourcesBuildPhase;
			buildActionMask = 2147483647;
			files = (
			);
			runOnlyForDeploymentPostprocessing = 0;
		};
/* End PBXResourcesBuildPhase section */

/* Begin PBXSourcesBuildPhase section */
		890ABA8E19EB816B00D3600B /* Sources */ = {
			isa = PBXSourcesBuildPhase;
			buildActionMask = 2147483647;
			files = (
				890ABA9A19EB816B00D3600B /* ViewController.swift in Sources */,
				890ABA9819EB816B00D3600B /* AppDelegate.swift in Sources */,
			);
			runOnlyForDeploymentPostprocessing = 0;
		};
		890ABAA319EB816B00D3600B /* Sources */ = {
			isa = PBXSourcesBuildPhase;
			buildActionMask = 2147483647;
			files = (
				890ABAAE19EB816B00D3600B /* TemperatureConverterTests.swift in Sources */,
			);
			runOnlyForDeploymentPostprocessing = 0;
		};
/* End PBXSourcesBuildPhase section */

/* Begin PBXTargetDependency section */
		890ABAA919EB816B00D3600B /* PBXTargetDependency */ = {
			isa = PBXTargetDependency;
			target = 890ABA9119EB816B00D3600B /* TemperatureConverter */;
			targetProxy = 890ABAA819EB816B00D3600B /* PBXContainerItemProxy */;
		};
/* End PBXTargetDependency section */

/* Begin PBXVariantGroup section */
		890ABA9B19EB816B00D3600B /* Main.storyboard */ = {
			isa = PBXVariantGroup;
			children = (
				890ABA9C19EB816B00D3600B /* Base */,
			);
			name = Main.storyboard;
			sourceTree = "<group>";
		};
		890ABAA019EB816B00D3600B /* LaunchScreen.xib */ = {
			isa = PBXVariantGroup;
			children = (
				890ABAA119EB816B00D3600B /* Base */,
			);
			name = LaunchScreen.xib;
			sourceTree = "<group>";
		};
/* End PBXVariantGroup section */

/* Begin XCBuildConfiguration section */
		890ABAAF19EB816B00D3600B /* Debug */ = {
			isa = XCBuildConfiguration;
			buildSettings = {
				ALWAYS_SEARCH_USER_PATHS = NO;
				CLANG_CXX_LANGUAGE_STANDARD = "gnu++0x";
				CLANG_CXX_LIBRARY = "libc++";
				CLANG_ENABLE_MODULES = YES;
				CLANG_ENABLE_OBJC_ARC = YES;
				CLANG_WARN_BOOL_CONVERSION = YES;
				CLANG_WARN_CONSTANT_CONVERSION = YES;
				CLANG_WARN_DIRECT_OBJC_ISA_USAGE = YES_ERROR;
				CLANG_WARN_EMPTY_BODY = YES;
				CLANG_WARN_ENUM_CONVERSION = YES;
				CLANG_WARN_INT_CONVERSION = YES;
				CLANG_WARN_OBJC_ROOT_CLASS = YES_ERROR;
				CLANG_WARN_UNREACHABLE_CODE = YES;
				CLANG_WARN__DUPLICATE_METHOD_MATCH = YES;
				"CODE_SIGN_IDENTITY[sdk=iphoneos*]" = "iPhone Developer";
				COPY_PHASE_STRIP = NO;
				ENABLE_STRICT_OBJC_MSGSEND = YES;
				GCC_C_LANGUAGE_STANDARD = gnu99;
				GCC_DYNAMIC_NO_PIC = NO;
				GCC_OPTIMIZATION_LEVEL = 0;
				GCC_PREPROCESSOR_DEFINITIONS = (
					"DEBUG=1",
					"$(inherited)",
				);
				GCC_SYMBOLS_PRIVATE_EXTERN = NO;
				GCC_WARN_64_TO_32_BIT_CONVERSION = YES;
				GCC_WARN_ABOUT_RETURN_TYPE = YES_ERROR;
				GCC_WARN_UNDECLARED_SELECTOR = YES;
				GCC_WARN_UNINITIALIZED_AUTOS = YES_AGGRESSIVE;
				GCC_WARN_UNUSED_FUNCTION = YES;
				GCC_WARN_UNUSED_VARIABLE = YES;
				IPHONEOS_DEPLOYMENT_TARGET = 8.1;
				MTL_ENABLE_DEBUG_INFO = YES;
				ONLY_ACTIVE_ARCH = YES;
				SDKROOT = iphoneos;
				SWIFT_OPTIMIZATION_LEVEL = "-Onone";
			};
			name = Debug;
		};
		890ABAB019EB816B00D3600B /* Release */ = {
			isa = XCBuildConfiguration;
			buildSettings = {
				ALWAYS_SEARCH_USER_PATHS = NO;
				CLANG_CXX_LANGUAGE_STANDARD = "gnu++0x";
				CLANG_CXX_LIBRARY = "libc++";
				CLANG_ENABLE_MODULES = YES;
				CLANG_ENABLE_OBJC_ARC = YES;
				CLANG_WARN_BOOL_CONVERSION = YES;
				CLANG_WARN_CONSTANT_CONVERSION = YES;
				CLANG_WARN_DIRECT_OBJC_ISA_USAGE = YES_ERROR;
				CLANG_WARN_EMPTY_BODY = YES;
				CLANG_WARN_ENUM_CONVERSION = YES;
				CLANG_WARN_INT_CONVERSION = YES;
				CLANG_WARN_OBJC_ROOT_CLASS = YES_ERROR;
				CLANG_WARN_UNREACHABLE_CODE = YES;
				CLANG_WARN__DUPLICATE_METHOD_MATCH = YES;
				"CODE_SIGN_IDENTITY[sdk=iphoneos*]" = "iPhone Developer";
				COPY_PHASE_STRIP = YES;
				ENABLE_NS_ASSERTIONS = NO;
				ENABLE_STRICT_OBJC_MSGSEND = YES;
				GCC_C_LANGUAGE_STANDARD = gnu99;
				GCC_WARN_64_TO_32_BIT_CONVERSION = YES;
				GCC_WARN_ABOUT_RETURN_TYPE = YES_ERROR;
				GCC_WARN_UNDECLARED_SELECTOR = YES;
				GCC_WARN_UNINITIALIZED_AUTOS = YES_AGGRESSIVE;
				GCC_WARN_UNUSED_FUNCTION = YES;
				GCC_WARN_UNUSED_VARIABLE = YES;
				IPHONEOS_DEPLOYMENT_TARGET = 8.1;
				MTL_ENABLE_DEBUG_INFO = NO;
				SDKROOT = iphoneos;
				VALIDATE_PRODUCT = YES;
			};
			name = Release;
		};
		890ABAB219EB816B00D3600B /* Debug */ = {
			isa = XCBuildConfiguration;
			buildSettings = {
				ASSETCATALOG_COMPILER_APPICON_NAME = AppIcon;
				INFOPLIST_FILE = TemperatureConverter/Info.plist;
				LD_RUNPATH_SEARCH_PATHS = "$(inherited) @executable_path/Frameworks";
				PRODUCT_NAME = "$(TARGET_NAME)";
				TARGETED_DEVICE_FAMILY = "1,2";
			};
			name = Debug;
		};
		890ABAB319EB816B00D3600B /* Release */ = {
			isa = XCBuildConfiguration;
			buildSettings = {
				ASSETCATALOG_COMPILER_APPICON_NAME = AppIcon;
				INFOPLIST_FILE = TemperatureConverter/Info.plist;
				LD_RUNPATH_SEARCH_PATHS = "$(inherited) @executable_path/Frameworks";
				PRODUCT_NAME = "$(TARGET_NAME)";
				TARGETED_DEVICE_FAMILY = "1,2";
			};
			name = Release;
		};
		890ABAB519EB816B00D3600B /* Debug */ = {
			isa = XCBuildConfiguration;
			buildSettings = {
				BUNDLE_LOADER = "$(TEST_HOST)";
				FRAMEWORK_SEARCH_PATHS = (
					"$(SDKROOT)/Developer/Library/Frameworks",
					"$(inherited)",
				);
				GCC_PREPROCESSOR_DEFINITIONS = (
					"DEBUG=1",
					"$(inherited)",
				);
				INFOPLIST_FILE = TemperatureConverterTests/Info.plist;
				LD_RUNPATH_SEARCH_PATHS = "$(inherited) @executable_path/Frameworks @loader_path/Frameworks";
				PRODUCT_NAME = "$(TARGET_NAME)";
				TEST_HOST = "$(BUILT_PRODUCTS_DIR)/TemperatureConverter.app/TemperatureConverter";
			};
			name = Debug;
		};
		890ABAB619EB816B00D3600B /* Release */ = {
			isa = XCBuildConfiguration;
			buildSettings = {
				BUNDLE_LOADER = "$(TEST_HOST)";
				FRAMEWORK_SEARCH_PATHS = (
					"$(SDKROOT)/Developer/Library/Frameworks",
					"$(inherited)",
				);
				INFOPLIST_FILE = TemperatureConverterTests/Info.plist;
				LD_RUNPATH_SEARCH_PATHS = "$(inherited) @executable_path/Frameworks @loader_path/Frameworks";
				PRODUCT_NAME = "$(TARGET_NAME)";
				TEST_HOST = "$(BUILT_PRODUCTS_DIR)/TemperatureConverter.app/TemperatureConverter";
			};
			name = Release;
		};
/* End XCBuildConfiguration section */

/* Begin XCConfigurationList section */
		890ABA8D19EB816B00D3600B /* Build configuration list for PBXProject "TemperatureConverter" */ = {
			isa = XCConfigurationList;
			buildConfigurations = (
				890ABAAF19EB816B00D3600B /* Debug */,
				890ABAB019EB816B00D3600B /* Release */,
			);
			defaultConfigurationIsVisible = 0;
			defaultConfigurationName = Release;
		};
		890ABAB119EB816B00D3600B /* Build configuration list for PBXNativeTarget "TemperatureConverter" */ = {
			isa = XCConfigurationList;
			buildConfigurations = (
				890ABAB219EB816B00D3600B /* Debug */,
				890ABAB319EB816B00D3600B /* Release */,
			);
			defaultConfigurationIsVisible = 0;
			defaultConfigurationName = Release;
		};
		890ABAB419EB816B00D3600B /* Build configuration list for PBXNativeTarget "TemperatureConverterTests" */ = {
			isa = XCConfigurationList;
			buildConfigurations = (
				890ABAB519EB816B00D3600B /* Debug */,
				890ABAB619EB816B00D3600B /* Release */,
			);
			defaultConfigurationIsVisible = 0;
			defaultConfigurationName = Release;
		};
/* End XCConfigurationList section */
	};
	rootObject = 890ABA8A19EB816B00D3600B /* Project object */;
}
